
Microsoft Visual Studio Solution File, Format Version 12.00
# Visual Studio 14
VisualStudioVersion = 14.0.25420.1
MinimumVisualStudioVersion = 10.0.40219.1
Project("{FAE04EC0-301F-11D3-BF4B-00C04F79EFBC}") = "Sepa Tools Windows", "Sepa Tools Windows\Sepa Tools Windows.csproj", "{599E1A74-159A-47E9-8DCD-6478E3D1E8C1}"
EndProject
Project("{FAE04EC0-301F-11D3-BF4B-00C04F79EFBC}") = "FinancialFileFormats.Sepa", "SepaWriter\FinancialFileFormats.Sepa.csproj", "{3967F847-B1B8-4F84-89AB-2D3E99343759}"
EndProject
Global
	GlobalSection(SolutionConfigurationPlatforms) = preSolution
		Debug|Any CPU = Debug|Any CPU
		Release|Any CPU = Release|Any CPU
	EndGlobalSection
	GlobalSection(ProjectConfigurationPlatforms) = postSolution
		{599E1A74-159A-47E9-8DCD-6478E3D1E8C1}.Debug|Any CPU.ActiveCfg = Debug|Any CPU
		{599E1A74-159A-47E9-8DCD-6478E3D1E8C1}.Debug|Any CPU.Build.0 = Debug|Any CPU
		{599E1A74-159A-47E9-8DCD-6478E3D1E8C1}.Release|Any CPU.ActiveCfg = Release|Any CPU
		{599E1A74-159A-47E9-8DCD-6478E3D1E8C1}.Release|Any CPU.Build.0 = Release|Any CPU
		{3967F847-B1B8-4F84-89AB-2D3E99343759}.Debug|Any CPU.ActiveCfg = Debug|Any CPU
		{3967F847-B1B8-4F84-89AB-2D3E99343759}.Debug|Any CPU.Build.0 = Debug|Any CPU
		{3967F847-B1B8-4F84-89AB-2D3E99343759}.Release|Any CPU.ActiveCfg = Release|Any CPU
		{3967F847-B1B8-4F84-89AB-2D3E99343759}.Release|Any CPU.Build.0 = Release|Any CPU
	EndGlobalSection
	GlobalSection(SolutionProperties) = preSolution
		HideSolutionNode = FALSE
	EndGlobalSection
EndGlobal
